[[package]]
name = "absl-py"
version = "2.2.2"
description = "Abseil Python Common Libraries, see https://github.com/abseil/abseil-py."
category = "main"
optional = false
python-versions = ">=3.8"

[[package]]
name = "alabaster"
version = "0.7.16"
description = "A light, configurable Sphinx theme"
category = "main"
optional = true
python-versions = ">=3.9"

[[package]]
name = "astropy"
version = "7.0.1"
description = "Astronomy and astrophysics core library"
category = "main"
optional = false
python-versions = ">=3.11"

[package.dependencies]
astropy-iers-data = ">=0.2025.1.31.12.41.4"
numpy = ">=1.23.2"
packaging = ">=22.0.0"
pyerfa = ">=2.0.1.1"
PyYAML = ">=6.0.0"

[package.extras]
recommended = ["scipy (>=1.9.2)", "matplotlib (>=3.6.0)"]
ipython = ["ipython (>=8.0.0)"]
jupyter = ["astropy", "ipywidgets", "ipykernel", "ipydatagrid", "pandas"]
all = ["astropy", "astropy", "astropy", "certifi (>=2022.6.15.1)", "dask[array] (>=2022.5.1)", "h5py (>=3.8.0)", "pyarrow (>=10.0.1)", "beautifulsoup4 (>=4.9.3)", "html5lib (>=1.1)", "bleach (>=3.2.1)", "pandas (>=2.0)", "sortedcontainers (>=1.5.7)", "pytz (>=2016.10)", "jplephem (>=2.6)", "mpmath (>=1.2.1)", "asdf (>=2.8.3)", "asdf-astropy (>=0.3)", "bottleneck (>=1.3.3)", "fsspec[http] (>=2023.4.0)", "s3fs (>=2023.4.0)"]
test = ["coverage (>=6.4.4)", "pre-commit (>=2.9.3)", "pytest (>=7.3.0)", "pytest-doctestplus (>=0.12)", "pytest-astropy-header (>=0.2.1)", "pytest-astropy (>=0.10.0)", "pytest-xdist (>=2.5.0)", "threadpoolctl (>=3.0.0)"]
test-all = ["astropy", "astropy", "objgraph", "skyfield (>=1.20)", "sgp4 (>=2.3)", "array-api-strict"]
typing = ["pandas-stubs (>=2.0)"]
docs = ["astropy", "sphinx", "sphinx-astropy[confv2] (>=1.9.1)", "pytest (>=7.0)", "sphinx-changelog (>=1.2.0)", "sphinx-design", "Jinja2 (>=3.1.3)", "sphinxcontrib-globalsubs (>=0.1.1)", "matplotlib (>=3.9.1)"]
dev = ["astropy", "astropy", "astropy", "astropy"]
dev-all = ["tox", "astropy", "astropy"]

[[package]]
name = "astropy-iers-data"
version = "0.2025.4.28.0.37.27"
description = "IERS Earth Rotation and Leap Second tables for the astropy core package"
category = "main"
optional = false
python-versions = ">=3.8"

[package.extras]
test = ["pytest", "pytest-remotedata", "hypothesis"]
docs = ["pytest"]

[[package]]
name = "babel"
version = "2.17.0"
description = "Internationalization utilities"
category = "main"
optional = true
python-versions = ">=3.8"

[package.extras]
dev = ["tzdata", "backports.zoneinfo", "freezegun (>=1.0,<2.0)", "jinja2 (>=3.0)", "pytest-cov", "pytest (>=6.0)", "pytz", "setuptools"]

[[package]]
name = "certifi"
version = "2025.4.26"
description = "Python package for providing Mozilla's CA Bundle."
category = "main"
optional = true
python-versions = ">=3.6"

[[package]]
name = "charset-normalizer"
version = "3.4.1"
description = "The Real First Universal Charset Detector. Open, modern and actively maintained alternative to Chardet."
category = "main"
optional = true
python-versions = ">=3.7"

[[package]]
name = "chex"
version = "0.1.89"
description = "Chex: Testing made fun, in JAX!"
category = "main"
optional = false
python-versions = ">=3.9"

[package.dependencies]
absl-py = ">=0.9.0"
jax = ">=0.4.27"
jaxlib = ">=0.4.27"
numpy = ">=1.24.1"
toolz = ">=0.9.0"
typing_extensions = ">=4.2.0"

[[package]]
name = "click"
version = "8.1.8"
description = "Composable command line interface toolkit"
category = "main"
optional = true
python-versions = ">=3.7"

[package.dependencies]
colorama = {version = "*", markers = "platform_system == \"Windows\""}

[[package]]
name = "colorama"
version = "0.4.6"
description = "Cross-platform colored terminal text."
category = "main"
optional = true
python-versions = "!=3.0.*,!=3.1.*,!=3.2.*,!=3.3.*,!=3.4.*,!=3.5.*,!=3.6.*,>=2.7"

[[package]]
name = "contourpy"
version = "1.3.2"
description = "Python library for calculating contours of 2D quadrilateral grids"
category = "main"
optional = false
python-versions = ">=3.10"

[package.dependencies]
numpy = ">=1.23"

[package.extras]
docs = ["furo", "sphinx (>=7.2)", "sphinx-copybutton"]
bokeh = ["bokeh", "selenium"]
mypy = ["contourpy", "bokeh", "docutils-stubs", "mypy (==1.15.0)", "types-pillow"]
test = ["contourpy", "matplotlib", "pillow"]
test-no-images = ["pytest", "pytest-cov", "pytest-rerunfailures", "pytest-xdist", "wurlitzer"]

[[package]]
name = "coverage"
version = "7.8.0"
description = "Code coverage measurement for Python"
category = "main"
optional = true
python-versions = ">=3.9"

[package.extras]
toml = ["tomli"]

[[package]]
name = "cycler"
version = "0.12.1"
description = "Composable style cycles"
category = "main"
optional = false
python-versions = ">=3.8"

[package.extras]
docs = ["ipython", "matplotlib", "numpydoc", "sphinx"]
tests = ["pytest", "pytest-cov", "pytest-xdist"]

[[package]]
name = "docutils"
version = "0.17.1"
description = "Docutils -- Python Documentation Utilities"
category = "main"
optional = true
python-versions = ">=2.7, !=3.0.*, !=3.1.*, !=3.2.*, !=3.3.*, !=3.4.*"

[[package]]
name = "etils"
version = "1.12.2"
description = "Collection of common python utils"
category = "main"
optional = false
python-versions = ">=3.10"

[package.dependencies]
typing_extensions = {version = "*", optional = true, markers = "extra == \"epy\""}

[package.extras]
all = ["etils", "etils", "etils", "etils", "etils", "etils", "etils", "etils", "etils", "etils", "etils", "etils", "etils", "etils"]
array-types = ["etils"]
dev = ["pytest", "pytest-subtests", "pytest-xdist", "pyink", "pylint (>=2.6.0)", "chex", "fiddle", "torch", "optree", "tensorflow-datasets", "pydantic"]
docs = ["sphinx-apitree", "etils"]
eapp = ["absl-py", "simple-parsing", "etils"]
ecolab = ["jupyter", "numpy", "mediapy", "packaging", "protobuf", "etils", "etils", "etils"]
edc = ["etils"]
enp = ["numpy", "einops", "etils"]
epath = ["fsspec", "importlib-resources", "typing-extensions", "zipp", "etils"]
epath-gcs = ["gcsfs", "etils"]
epath-s3 = ["s3fs", "etils"]
epy = ["typing-extensions"]
etqdm = ["absl-py", "tqdm", "etils"]
etree = ["etils", "etils", "etils", "etils"]
etree-dm = ["dm-tree", "etils"]
etree-jax = ["jax", "etils"]
etree-tf = ["tensorflow", "etils"]
lazy-imports = ["etils"]

[[package]]
name = "execnet"
version = "2.1.1"
description = "execnet: rapid multi-Python deployment"
category = "main"
optional = true
python-versions = ">=3.8"

[package.extras]
testing = ["hatch", "pre-commit", "pytest", "tox"]

[[package]]
name = "fonttools"
version = "4.57.0"
description = "Tools to manipulate font files"
category = "main"
optional = false
python-versions = ">=3.8"

[package.extras]
ufo = ["fs (>=2.2.0,<3)"]
lxml = ["lxml (>=4.0)"]
woff = ["brotli (>=1.0.1)", "brotlicffi (>=0.8.0)", "zopfli (>=0.1.4)"]
unicode = ["unicodedata2 (>=15.1.0)"]
graphite = ["lz4 (>=1.7.4.2)"]
interpolatable = ["scipy", "munkres", "pycairo"]
plot = ["matplotlib"]
symfont = ["sympy"]
type1 = ["xattr"]
pathops = ["skia-pathops (>=0.5.0)"]
repacker = ["uharfbuzz (>=0.23.0)"]
all = ["fs (>=2.2.0,<3)", "lxml (>=4.0)", "brotli (>=1.0.1)", "brotlicffi (>=0.8.0)", "zopfli (>=0.1.4)", "unicodedata2 (>=15.1.0)", "lz4 (>=1.7.4.2)", "scipy", "munkres", "pycairo", "matplotlib", "sympy", "xattr", "skia-pathops (>=0.5.0)", "uharfbuzz (>=0.23.0)"]

[[package]]
name = "idna"
version = "3.10"
description = "Internationalized Domain Names in Applications (IDNA)"
category = "main"
optional = true
python-versions = ">=3.6"

[package.extras]
all = ["ruff (>=0.6.2)", "mypy (>=1.11.2)", "pytest (>=8.3.2)", "flake8 (>=7.1.1)"]

[[package]]
name = "imagesize"
version = "1.4.1"
description = "Getting image size from png/jpeg/jpeg2000/gif file"
category = "main"
optional = true
python-versions = ">=2.7, !=3.0.*, !=3.1.*, !=3.2.*, !=3.3.*"

[[package]]
name = "iniconfig"
version = "2.1.0"
description = "brain-dead simple config-ini parsing"
category = "main"
optional = true
python-versions = ">=3.8"

[[package]]
name = "jax"
version = "0.6.0"
description = "Differentiate, compile, and transform Numpy code."
category = "main"
optional = false
python-versions = ">=3.10"

[package.dependencies]
jaxlib = "0.6.0"
ml_dtypes = ">=0.5.0"
numpy = [
    {version = ">=1.25", markers = "python_version < \"3.12\""},
    {version = ">=1.26.0", markers = "python_version >= \"3.12\""},
]
opt_einsum = "*"
scipy = ">=1.11.1"

[package.extras]
minimum-jaxlib = ["jaxlib (==0.6.0)"]
ci = ["jaxlib (==0.6.0)"]
tpu = ["jaxlib (==0.6.0)", "libtpu (>=0.0.0,<0.1.0)", "requests"]
cuda = ["jaxlib (==0.6.0)", "jax-cuda12-plugin[with-cuda] (==0.6.0)"]
cuda12 = ["jaxlib (==0.6.0)", "jax-cuda12-plugin[with-cuda] (==0.6.0)"]
cuda12-local = ["jaxlib (==0.6.0)", "jax-cuda12-plugin (==0.6.0)"]
rocm = ["jaxlib (==0.6.0)", "jax-rocm60-plugin (==0.6.0)"]
k8s = ["kubernetes"]

[[package]]
name = "jaxlib"
version = "0.6.0"
description = "XLA library for JAX"
category = "main"
optional = false
python-versions = ">=3.10"

[package.dependencies]
ml_dtypes = ">=0.2.0"
numpy = ">=1.25"
scipy = ">=1.11.1"

[[package]]
name = "jinja2"
version = "3.1.6"
description = "A very fast and expressive template engine."
category = "main"
optional = true
python-versions = ">=3.7"

[package.dependencies]
MarkupSafe = ">=2.0"

[package.extras]
i18n = ["Babel (>=2.7)"]

[[package]]
name = "kiwisolver"
version = "1.4.8"
description = "A fast implementation of the Cassowary constraint solver"
category = "main"
optional = false
python-versions = ">=3.10"

[[package]]
name = "livereload"
version = "2.7.1"
description = "Python LiveReload is an awesome tool for web developers"
category = "main"
optional = true
python-versions = ">=3.7"

[package.dependencies]
tornado = "*"

[[package]]
name = "markupsafe"
version = "3.0.2"
description = "Safely add untrusted strings to HTML/XML markup."
category = "main"
optional = true
python-versions = ">=3.9"

[[package]]
name = "matplotlib"
version = "3.10.1"
description = "Python plotting package"
category = "main"
optional = false
python-versions = ">=3.10"

[package.dependencies]
contourpy = ">=1.0.1"
cycler = ">=0.10"
fonttools = ">=4.22.0"
kiwisolver = ">=1.3.1"
numpy = ">=1.23"
packaging = ">=20.0"
pillow = ">=8"
pyparsing = ">=2.3.1"
python-dateutil = ">=2.7"

[package.extras]
dev = ["meson-python (>=0.13.1,<0.17.0)", "pybind11 (>=2.13.2,!=2.13.3)", "setuptools_scm (>=7)", "setuptools (>=64)"]

[[package]]
name = "ml-dtypes"
version = "0.5.1"
description = ""
category = "main"
optional = false
python-versions = ">=3.9"

[package.dependencies]
numpy = [
    {version = ">=1.21", markers = "python_version < \"3.10\""},
    {version = ">=1.21.2", markers = "python_version >= \"3.10\""},
    {version = ">=1.23.3", markers = "python_version >= \"3.11\""},
    {version = ">=1.26.0", markers = "python_version >= \"3.12\""},
]

[package.extras]
dev = ["absl-py", "pytest", "pytest-xdist", "pylint (>=2.6.0)", "pyink"]

[[package]]
name = "mypy"
version = "1.15.0"
description = "Optional static typing for Python"
category = "main"
optional = true
python-versions = ">=3.9"

[package.dependencies]
mypy_extensions = ">=1.0.0"
typing_extensions = ">=4.6.0"

[package.extras]
dmypy = ["psutil (>=4.0)"]
mypyc = ["setuptools (>=50)"]
reports = ["lxml"]
install-types = ["pip"]
faster-cache = ["orjson"]

[[package]]
name = "mypy-extensions"
version = "1.1.0"
description = "Type system extensions for programs checked with the mypy type checker."
category = "main"
optional = true
python-versions = ">=3.8"

[[package]]
name = "numpy"
version = "2.2.5"
description = "Fundamental package for array computing in Python"
category = "main"
optional = false
python-versions = ">=3.10"

[[package]]
name = "opt-einsum"
version = "3.4.0"
description = "Path optimization of einsum functions."
category = "main"
optional = false
python-versions = ">=3.8"

[[package]]
name = "optax"
version = "0.2.4"
description = "A gradient processing and optimization library in JAX."
category = "main"
optional = false
python-versions = ">=3.9"

[package.dependencies]
absl-py = ">=0.7.1"
chex = ">=0.1.87"
etils = {version = "*", extras = ["epy"]}
jax = ">=0.4.27"
jaxlib = ">=0.4.27"
numpy = ">=1.18.0"

[package.extras]
docs = ["sphinx (>=6.0.0)", "sphinx-book-theme (>=1.0.1)", "sphinxcontrib-katex", "sphinx-autodoc-typehints", "ipython (>=8.8.0)", "myst-nb (>=1.0.0)", "matplotlib (>=3.5.0)", "sphinx-gallery (>=0.14.0)", "sphinx-collections (>=0.0.1)", "tensorflow (>=2.4.0)", "tensorflow-datasets (>=4.2.0)", "flax", "sphinx-contributors"]
dp-accounting = ["absl-py (>=1.0.0)", "attrs (>=21.4.0)", "mpmath (>=1.2.1)", "numpy (>=1.21.4)", "scipy (>=1.7.1)"]
examples = ["tensorflow-datasets (>=4.2.0)", "tensorflow (>=2.4.0)", "dp_accounting (>=0.4)", "ipywidgets", "flax"]
test = ["dm-tree (>=0.1.7)", "flax (>=0.5.3)", "scipy (>=1.7.1)", "scikit-learn"]

[[package]]
name = "packaging"
version = "25.0"
description = "Core utilities for Python packages"
category = "main"
optional = false
python-versions = ">=3.8"

[[package]]
name = "pandas"
version = "2.2.3"
description = "Powerful data structures for data analysis, time series, and statistics"
category = "main"
optional = false
python-versions = ">=3.9"

[package.dependencies]
numpy = {version = ">=1.26.0", markers = "python_version >= \"3.12\""}
python-dateutil = ">=2.8.2"
pytz = ">=2020.1"
tzdata = ">=2022.7"

[package.extras]
test = ["hypothesis (>=6.46.1)", "pytest (>=7.3.2)", "pytest-xdist (>=2.2.0)"]
pyarrow = ["pyarrow (>=10.0.1)"]
performance = ["bottleneck (>=1.3.6)", "numba (>=0.56.4)", "numexpr (>=2.8.4)"]
computation = ["scipy (>=1.10.0)", "xarray (>=2022.12.0)"]
fss = ["fsspec (>=2022.11.0)"]
aws = ["s3fs (>=2022.11.0)"]
gcp = ["gcsfs (>=2022.11.0)", "pandas-gbq (>=0.19.0)"]
excel = ["odfpy (>=1.4.1)", "openpyxl (>=3.1.0)", "python-calamine (>=0.1.7)", "pyxlsb (>=1.0.10)", "xlrd (>=2.0.1)", "xlsxwriter (>=3.0.5)"]
parquet = ["pyarrow (>=10.0.1)"]
feather = ["pyarrow (>=10.0.1)"]
hdf5 = ["tables (>=3.8.0)"]
spss = ["pyreadstat (>=1.2.0)"]
postgresql = ["SQLAlchemy (>=2.0.0)", "psycopg2 (>=2.9.6)", "adbc-driver-postgresql (>=0.8.0)"]
mysql = ["SQLAlchemy (>=2.0.0)", "pymysql (>=1.0.2)"]
sql-other = ["SQLAlchemy (>=2.0.0)", "adbc-driver-postgresql (>=0.8.0)", "adbc-driver-sqlite (>=0.8.0)"]
html = ["beautifulsoup4 (>=4.11.2)", "html5lib (>=1.1)", "lxml (>=4.9.2)"]
xml = ["lxml (>=4.9.2)"]
plot = ["matplotlib (>=3.6.3)"]
output-formatting = ["jinja2 (>=3.1.2)", "tabulate (>=0.9.0)"]
clipboard = ["PyQt5 (>=5.15.9)", "qtpy (>=2.3.0)"]
compression = ["zstandard (>=0.19.0)"]
consortium-standard = ["dataframe-api-compat (>=0.1.7)"]
all = ["adbc-driver-postgresql (>=0.8.0)", "adbc-driver-sqlite (>=0.8.0)", "beautifulsoup4 (>=4.11.2)", "bottleneck (>=1.3.6)", "dataframe-api-compat (>=0.1.7)", "fastparquet (>=2022.12.0)", "fsspec (>=2022.11.0)", "gcsfs (>=2022.11.0)", "html5lib (>=1.1)", "hypothesis (>=6.46.1)", "jinja2 (>=3.1.2)", "lxml (>=4.9.2)", "matplotlib (>=3.6.3)", "numba (>=0.56.4)", "numexpr (>=2.8.4)", "odfpy (>=1.4.1)", "openpyxl (>=3.1.0)", "pandas-gbq (>=0.19.0)", "psycopg2 (>=2.9.6)", "pyarrow (>=10.0.1)", "pymysql (>=1.0.2)", "PyQt5 (>=5.15.9)", "pyreadstat (>=1.2.0)", "pytest (>=7.3.2)", "pytest-xdist (>=2.2.0)", "python-calamine (>=0.1.7)", "pyxlsb (>=1.0.10)", "qtpy (>=2.3.0)", "scipy (>=1.10.0)", "s3fs (>=2022.11.0)", "SQLAlchemy (>=2.0.0)", "tables (>=3.8.0)", "tabulate (>=0.9.0)", "xarray (>=2022.12.0)", "xlrd (>=2.0.1)", "xlsxwriter (>=3.0.5)", "zstandard (>=0.19.0)"]

[[package]]
name = "pillow"
version = "11.2.1"
description = "Python Imaging Library (Fork)"
category = "main"
optional = false
python-versions = ">=3.9"

[package.extras]
docs = ["furo", "olefile", "sphinx (>=8.2)", "sphinx-copybutton", "sphinx-inline-tabs", "sphinxext-opengraph"]
fpx = ["olefile"]
mic = ["olefile"]
test-arrow = ["pyarrow"]
tests = ["check-manifest", "coverage (>=7.4.2)", "defusedxml", "markdown2", "olefile", "packaging", "pyroma", "pytest", "pytest-cov", "pytest-timeout", "trove-classifiers (>=2024.10.12)"]
typing = ["typing-extensions"]
xmp = ["defusedxml"]

[[package]]
name = "pluggy"
version = "1.5.0"
description = "plugin and hook calling mechanisms for python"
category = "main"
optional = true
python-versions = ">=3.8"

[package.extras]
dev = ["pre-commit", "tox"]
testing = ["pytest", "pytest-benchmark"]

[[package]]
name = "pyenchant"
version = "3.2.2"
description = "Python bindings for the Enchant spellchecking system"
category = "main"
optional = true
python-versions = ">=3.5"

[[package]]
name = "pyerfa"
version = "2.0.1.5"
description = "Python bindings for ERFA"
category = "main"
optional = false
python-versions = ">=3.9"

[package.dependencies]
numpy = ">=1.19.3"

[package.extras]
docs = ["sphinx-astropy (>=1.3)"]
test = ["pytest", "pytest-doctestplus (>=0.7)"]

[[package]]
name = "pygments"
version = "2.19.1"
description = "Pygments is a syntax highlighting package written in Python."
category = "main"
optional = true
python-versions = ">=3.8"

[package.extras]
windows-terminal = ["colorama (>=0.4.6)"]

[[package]]
name = "pyparsing"
version = "3.2.3"
description = "pyparsing module - Classes and methods to define and execute parsing grammars"
category = "main"
optional = false
python-versions = ">=3.9"

[package.extras]
diagrams = ["railroad-diagrams", "jinja2"]

[[package]]
name = "pytest"
version = "8.3.5"
description = "pytest: simple powerful testing with Python"
category = "main"
optional = true
python-versions = ">=3.8"

[package.dependencies]
colorama = {version = "*", markers = "sys_platform == \"win32\""}
iniconfig = "*"
packaging = "*"
pluggy = ">=1.5,<2"

[package.extras]
dev = ["argcomplete", "attrs (>=19.2)", "hypothesis (>=3.56)", "mock", "pygments (>=2.7.2)", "requests", "setuptools", "xmlschema"]

[[package]]
name = "pytest-click"
version = "1.1.0"
description = "Pytest plugin for Click"
category = "main"
optional = true
python-versions = "*"

[package.dependencies]
click = ">=6.0"
pytest = ">=5.0"

[[package]]
name = "pytest-cov"
version = "4.1.0"
description = "Pytest plugin for measuring coverage."
category = "main"
optional = true
python-versions = ">=3.7"

[package.dependencies]
coverage = {version = ">=5.2.1", extras = ["toml"]}
pytest = ">=4.6"

[package.extras]
testing = ["fields", "hunter", "process-tests", "six", "pytest-xdist", "virtualenv"]

[[package]]
name = "pytest-explicit"
version = "1.0.1"
description = "A Pytest plugin to ignore certain marked tests by default"
category = "main"
optional = true
python-versions = ">=3.6"

[package.dependencies]
pytest = "*"

[package.extras]
tests = ["flake8", "mypy"]

[[package]]
name = "pytest-run-subprocess"
version = "0.10.0"
description = "Pytest Plugin for running and testing subprocesses."
category = "main"
optional = true
python-versions = ">3.6"

[package.dependencies]
pytest = "*"

[package.extras]
docs = ["furo (>=2021.08.31)", "sphinx (>=4.0,<5.0)", "sphinx-autodoc-typehints (>=1.10)", "sphinxcontrib-spelling (>=7.3.3,<7.4.0)", "sphinx-rtd-theme (==0.5.0)"]
test = ["pytest (>=6.2.4)", "pytest-cov (>=2.12)", "pytest-xdist (>=1.34)", "ask-pypi"]
typing = ["mypy"]

[[package]]
name = "pytest-xdist"
version = "3.6.1"
description = "pytest xdist plugin for distributed testing, most importantly across multiple CPUs"
category = "main"
optional = true
python-versions = ">=3.8"

[package.dependencies]
execnet = ">=2.1"
pytest = ">=7.0.0"

[package.extras]
psutil = ["psutil (>=3.0)"]
setproctitle = ["setproctitle"]
testing = ["filelock"]

[[package]]
name = "python-dateutil"
version = "2.9.0.post0"
description = "Extensions to the standard Python datetime module"
category = "main"
optional = false
python-versions = "!=3.0.*,!=3.1.*,!=3.2.*,>=2.7"

[package.dependencies]
six = ">=1.5"

[[package]]
name = "pytz"
version = "2025.2"
description = "World timezone definitions, modern and historical"
category = "main"
optional = false
python-versions = "*"

[[package]]
name = "pyyaml"
version = "6.0.2"
description = "YAML parser and emitter for Python"
category = "main"
optional = false
python-versions = ">=3.8"

[[package]]
name = "requests"
version = "2.32.3"
description = "Python HTTP for Humans."
category = "main"
optional = true
python-versions = ">=3.8"

[package.dependencies]
certifi = ">=2017.4.17"
charset-normalizer = ">=2,<4"
idna = ">=2.5,<4"
urllib3 = ">=1.21.1,<3"

[package.extras]
socks = ["PySocks (>=1.5.6,!=1.5.7)"]
use-chardet-on-py3 = ["chardet (>=3.0.2,<6)"]

[[package]]
name = "scipy"
version = "1.15.2"
description = "Fundamental algorithms for scientific computing in Python"
category = "main"
optional = false
python-versions = ">=3.10"

[package.dependencies]
numpy = ">=1.23.5,<2.5"

[package.extras]
test = ["pytest", "pytest-cov", "pytest-timeout", "pytest-xdist", "asv", "mpmath", "gmpy2", "threadpoolctl", "scikit-umfpack", "pooch", "hypothesis (>=6.30)", "array-api-strict (>=2.0,<2.1.1)", "cython", "meson", "ninja"]
doc = ["sphinx (>=5.0.0,<8.0.0)", "intersphinx-registry", "pydata-sphinx-theme (>=0.15.2)", "sphinx-copybutton", "sphinx-design (>=0.4.0)", "matplotlib (>=3.5)", "numpydoc", "jupytext", "myst-nb", "pooch", "jupyterlite-sphinx (>=0.16.5)", "jupyterlite-pyodide-kernel"]
dev = ["mypy (==1.10.0)", "typing-extensions", "types-psutil", "pycodestyle", "ruff (>=0.0.292)", "cython-lint (>=0.12.2)", "rich-click", "doit (>=0.36.0)", "pydevtool"]

[[package]]
name = "sfdmap2"
version = "0.2.2.post3"
description = "Get E(B-V) values from SFD dust map data"
category = "main"
optional = false
python-versions = "<4.0,>=3.10"

[package.dependencies]
astropy = ">=5"
numpy = "*"

[package.extras]
fits = ["fitsio (>=1,<2)"]

[[package]]
name = "six"
version = "1.17.0"
description = "Python 2 and 3 compatibility utilities"
category = "main"
optional = false
python-versions = "!=3.0.*,!=3.1.*,!=3.2.*,>=2.7"

[[package]]
name = "snowballstemmer"
version = "2.2.0"
description = "This package provides 29 stemmers for 28 languages generated from Snowball algorithms."
category = "main"
optional = true
python-versions = "*"

[[package]]
name = "sphinx"
version = "4.5.0"
description = "Python documentation generator"
category = "main"
optional = true
python-versions = ">=3.6"

[package.dependencies]
alabaster = ">=0.7,<0.8"
babel = ">=1.3"
colorama = {version = ">=0.3.5", markers = "sys_platform == \"win32\""}
docutils = ">=0.14,<0.18"
imagesize = "*"
Jinja2 = ">=2.3"
packaging = "*"
Pygments = ">=2.0"
requests = ">=2.5.0"
snowballstemmer = ">=1.1"
sphinxcontrib-applehelp = "*"
sphinxcontrib-devhelp = "*"
sphinxcontrib-htmlhelp = ">=2.0.0"
sphinxcontrib-jsmath = "*"
sphinxcontrib-qthelp = "*"
sphinxcontrib-serializinghtml = ">=1.1.5"

[package.extras]
docs = ["sphinxcontrib-websupport"]
lint = ["flake8 (>=3.5.0)", "isort", "mypy (>=0.931)", "docutils-stubs", "types-typed-ast", "types-requests"]
test = ["pytest", "pytest-cov", "html5lib", "cython", "typed-ast"]

[[package]]
name = "sphinx-autobuild"
version = "2021.3.14"
description = "Rebuild Sphinx documentation on changes, with live-reload in the browser."
category = "main"
optional = true
python-versions = ">=3.6"

[package.dependencies]
colorama = "*"
livereload = "*"
sphinx = "*"

[package.extras]
test = ["pytest", "pytest-cov"]

[[package]]
name = "sphinx-autodoc-typehints"
version = "1.19.1"
description = "Type hints (PEP 484) support for the Sphinx autodoc extension"
category = "main"
optional = true
python-versions = ">=3.7"

[package.dependencies]
Sphinx = ">=4.5"

[package.extras]
testing = ["covdefaults (>=2.2)", "coverage (>=6.3)", "diff-cover (>=6.4)", "nptyping (>=2.1.2)", "pytest (>=7.1)", "pytest-cov (>=3)", "sphobjinv (>=2)", "typing-extensions (>=4.1)"]
type_comments = ["typed-ast (>=1.5.2)"]

[[package]]
name = "sphinx-inline-tabs"
version = "2023.4.21"
description = "Add inline tabbed content to your Sphinx documentation."
category = "main"
optional = true
python-versions = ">=3.8"

[package.dependencies]
sphinx = ">=3"

[package.extras]
doc = ["myst-parser", "furo"]
test = ["pytest", "pytest-cov", "pytest-xdist"]

[[package]]
name = "sphinx-rtd-theme"
version = "0.5.0"
description = "Read the Docs theme for Sphinx"
category = "main"
optional = true
python-versions = "*"

[package.dependencies]
sphinx = "*"

[package.extras]
dev = ["transifex-client", "sphinxcontrib-httpdomain", "bump2version"]

[[package]]
name = "sphinxcontrib-applehelp"
version = "2.0.0"
description = "sphinxcontrib-applehelp is a Sphinx extension which outputs Apple help books"
category = "main"
optional = true
python-versions = ">=3.9"

[package.extras]
lint = ["ruff (==0.5.5)", "mypy", "types-docutils"]
standalone = ["Sphinx (>=5)"]
test = ["pytest"]

[[package]]
name = "sphinxcontrib-devhelp"
version = "2.0.0"
description = "sphinxcontrib-devhelp is a sphinx extension which outputs Devhelp documents"
category = "main"
optional = true
python-versions = ">=3.9"

[package.extras]
lint = ["ruff (==0.5.5)", "mypy", "types-docutils"]
standalone = ["Sphinx (>=5)"]
test = ["pytest"]

[[package]]
name = "sphinxcontrib-htmlhelp"
version = "2.1.0"
description = "sphinxcontrib-htmlhelp is a sphinx extension which renders HTML help files"
category = "main"
optional = true
python-versions = ">=3.9"

[package.extras]
lint = ["ruff (==0.5.5)", "mypy", "types-docutils"]
standalone = ["Sphinx (>=5)"]
test = ["pytest", "html5lib"]

[[package]]
name = "sphinxcontrib-jsmath"
version = "1.0.1"
description = "A sphinx extension which renders display math in HTML via JavaScript"
category = "main"
optional = true
python-versions = ">=3.5"

[package.extras]
test = ["pytest", "flake8", "mypy"]

[[package]]
name = "sphinxcontrib-mermaid"
version = "0.9.2"
description = "Mermaid diagrams in yours Sphinx powered docs"
category = "main"
optional = true
python-versions = ">=3.7"

[[package]]
name = "sphinxcontrib-qthelp"
version = "2.0.0"
description = "sphinxcontrib-qthelp is a sphinx extension which outputs QtHelp documents"
category = "main"
optional = true
python-versions = ">=3.9"

[package.extras]
lint = ["ruff (==0.5.5)", "mypy", "types-docutils"]
standalone = ["Sphinx (>=5)"]
test = ["pytest", "defusedxml (>=0.7.1)"]

[[package]]
name = "sphinxcontrib-serializinghtml"
version = "2.0.0"
description = "sphinxcontrib-serializinghtml is a sphinx extension which outputs \"serialized\" HTML files (json and pickle)"
category = "main"
optional = true
python-versions = ">=3.9"

[package.extras]
lint = ["ruff (==0.5.5)", "mypy", "types-docutils"]
standalone = ["Sphinx (>=5)"]
test = ["pytest"]

[[package]]
name = "sphinxcontrib-spelling"
version = "7.3.3"
description = "Sphinx spelling extension"
category = "main"
optional = true
python-versions = ">=3.6"

[package.dependencies]
PyEnchant = ">=3.1.1"
Sphinx = ">=3.0.0"

[package.extras]
test = ["pytest", "pytest-cov", "coverage (>=4.0,!=4.4)"]

[[package]]
name = "toolz"
version = "1.0.0"
description = "List processing tools and functional utilities"
category = "main"
optional = false
python-versions = ">=3.8"

[[package]]
name = "tornado"
version = "6.4.2"
description = "Tornado is a Python web framework and asynchronous networking library, originally developed at FriendFeed."
category = "main"
optional = true
python-versions = ">=3.8"

[[package]]
name = "typing-extensions"
version = "4.13.2"
description = "Backported and Experimental Type Hints for Python 3.8+"
category = "main"
optional = false
python-versions = ">=3.8"

[[package]]
name = "tzdata"
version = "2025.2"
description = "Provider of IANA time zone data"
category = "main"
optional = false
python-versions = ">=2"

[[package]]
name = "urllib3"
version = "2.4.0"
description = "HTTP library with thread-safe connection pooling, file post, and more."
category = "main"
optional = true
python-versions = ">=3.9"

[package.extras]
brotli = ["brotli (>=1.0.9)", "brotlicffi (>=0.8.0)"]
h2 = ["h2 (>=4,<5)"]
socks = ["pysocks (>=1.5.6,!=1.5.7,<2.0)"]
zstd = ["zstandard (>=0.18.0)"]

[extras]
docs = ["sphinx", "sphinx-autodoc-typehints", "sphinx-rtd-theme", "sphinxcontrib-spelling", "sphinx-inline-tabs", "sphinxcontrib-mermaid"]
docslive = ["sphinx", "sphinx-autodoc-typehints", "sphinx-rtd-theme", "sphinxcontrib-spelling", "sphinx-inline-tabs", "sphinxcontrib-mermaid", "sphinx-autobuild"]
test = ["pytest", "pytest-cov", "pytest-explicit", "pytest-xdist", "pytest-click", "pytest-run-subprocess"]
typing = ["mypy", "pytest", "pytest-click"]

[metadata]
lock-version = "1.1"
python-versions = ">=3.12, <3.13"
content-hash = "c3a5bd89d596128083d8a1fedac8b500b975e45287e04f39cfb2d126aeac20c9"

[metadata.files]
absl-py = []
alabaster = []
astropy = []
astropy-iers-data = []
babel = []
certifi = []
charset-normalizer = []
chex = []
click = []
colorama = []
contourpy = []
coverage = []
cycler = []
docutils = []
etils = []
execnet = []
fonttools = []
idna = []
imagesize = []
iniconfig = []
jax = []
jaxlib = []
jinja2 = []
kiwisolver = []
livereload = []
markupsafe = []
matplotlib = []
ml-dtypes = []
mypy = []
mypy-extensions = []
numpy = []
opt-einsum = []
optax = []
packaging = []
pandas = []
pillow = []
pluggy = []
pyenchant = []
pyerfa = []
pygments = []
pyparsing = []
pytest = []
pytest-click = []
pytest-cov = []
pytest-explicit = []
pytest-run-subprocess = []
pytest-xdist = []
python-dateutil = []
pytz = []
pyyaml = []
requests = []
scipy = []
sfdmap2 = []
six = []
snowballstemmer = []
sphinx = []
sphinx-autobuild = []
sphinx-autodoc-typehints = []
sphinx-inline-tabs = []
sphinx-rtd-theme = []
sphinxcontrib-applehelp = []
sphinxcontrib-devhelp = []
sphinxcontrib-htmlhelp = []
sphinxcontrib-jsmath = []
sphinxcontrib-mermaid = []
sphinxcontrib-qthelp = []
sphinxcontrib-serializinghtml = []
sphinxcontrib-spelling = []
toolz = []
tornado = []
typing-extensions = []
tzdata = []
urllib3 = []
